// !$*UTF8*$!
{
	archiveVersion = 1;
	classes = {
	};
	objectVersion = 50;
	objects = {

/* Begin PBXBuildFile section */
		3F64200A255BC4F700C85227 /* AppDelegate.swift in Sources */ = {isa = PBXBuildFile; fileRef = 3F642009255BC4F700C85227 /* AppDelegate.swift */; };
		3F64200C255BC4F700C85227 /* SceneDelegate.swift in Sources */ = {isa = PBXBuildFile; fileRef = 3F64200B255BC4F700C85227 /* SceneDelegate.swift */; };
		3F64200E255BC4F700C85227 /* ViewController.swift in Sources */ = {isa = PBXBuildFile; fileRef = 3F64200D255BC4F700C85227 /* ViewController.swift */; };
		3F642011255BC4F700C85227 /* Main.storyboard in Resources */ = {isa = PBXBuildFile; fileRef = 3F64200F255BC4F700C85227 /* Main.storyboard */; };
		3F642013255BC4FE00C85227 /* Assets.xcassets in Resources */ = {isa = PBXBuildFile; fileRef = 3F642012255BC4FE00C85227 /* Assets.xcassets */; };
		3F642016255BC4FE00C85227 /* LaunchScreen.storyboard in Resources */ = {isa = PBXBuildFile; fileRef = 3F642014255BC4FE00C85227 /* LaunchScreen.storyboard */; };
		3F642021255BC4FE00C85227 /* CameraAppTests.swift in Sources */ = {isa = PBXBuildFile; fileRef = 3F642020255BC4FE00C85227 /* CameraAppTests.swift */; };
		3F64202C255BC4FE00C85227 /* CameraAppUITests.swift in Sources */ = {isa = PBXBuildFile; fileRef = 3F64202B255BC4FE00C85227 /* CameraAppUITests.swift */; };
/* End PBXBuildFile section */

/* Begin PBXContainerItemProxy section */
		3F64201D255BC4FE00C85227 /* PBXContainerItemProxy */ = {
			isa = PBXContainerItemProxy;
			containerPortal = 3F641FFE255BC4F700C85227 /* Project object */;
			proxyType = 1;
			remoteGlobalIDString = 3F642005255BC4F700C85227;
			remoteInfo = CameraApp;
		};
		3F642028255BC4FE00C85227 /* PBXContainerItemProxy */ = {
			isa = PBXContainerItemProxy;
			containerPortal = 3F641FFE255BC4F700C85227 /* Project object */;
			proxyType = 1;
			remoteGlobalIDString = 3F642005255BC4F700C85227;
			remoteInfo = CameraApp;
		};
/* End PBXContainerItemProxy section */

/* Begin PBXFileReference section */
		3F642006255BC4F700C85227 /* CameraApp.app */ = {isa = PBXFileReference; explicitFileType = wrapper.application; includeInIndex = 0; path = CameraApp.app; sourceTree = BUILT_PRODUCTS_DIR; };
		3F642009255BC4F700C85227 /* AppDelegate.swift */ = {isa = PBXFileReference; lastKnownFileType = sourcecode.swift; path = AppDelegate.swift; sourceTree = "<group>"; };
		3F64200B255BC4F700C85227 /* SceneDelegate.swift */ = {isa = PBXFileReference; lastKnownFileType = sourcecode.swift; path = SceneDelegate.swift; sourceTree = "<group>"; };
		3F64200D255BC4F700C85227 /* ViewController.swift */ = {isa = PBXFileReference; lastKnownFileType = sourcecode.swift; path = ViewController.swift; sourceTree = "<group>"; };
		3F642010255BC4F700C85227 /* Base */ = {isa = PBXFileReference; lastKnownFileType = file.storyboard; name = Base; path = Base.lproj/Main.storyboard; sourceTree = "<group>"; };
		3F642012255BC4FE00C85227 /* Assets.xcassets */ = {isa = PBXFileReference; lastKnownFileType = folder.assetcatalog; path = Assets.xcassets; sourceTree = "<group>"; };
		3F642015255BC4FE00C85227 /* Base */ = {isa = PBXFileReference; lastKnownFileType = file.storyboard; name = Base; path = Base.lproj/LaunchScreen.storyboard; sourceTree = "<group>"; };
		3F642017255BC4FE00C85227 /* Info.plist */ = {isa = PBXFileReference; lastKnownFileType = text.plist.xml; path = Info.plist; sourceTree = "<group>"; };
		3F64201C255BC4FE00C85227 /* CameraAppTests.xctest */ = {isa = PBXFileReference; explicitFileType = wrapper.cfbundle; includeInIndex = 0; path = CameraAppTests.xctest; sourceTree = BUILT_PRODUCTS_DIR; };
		3F642020255BC4FE00C85227 /* CameraAppTests.swift */ = {isa = PBXFileReference; lastKnownFileType = sourcecode.swift; path = CameraAppTests.swift; sourceTree = "<group>"; };
		3F642022255BC4FE00C85227 /* Info.plist */ = {isa = PBXFileReference; lastKnownFileType = text.plist.xml; path = Info.plist; sourceTree = "<group>"; };
		3F642027255BC4FE00C85227 /* CameraAppUITests.xctest */ = {isa = PBXFileReference; explicitFileType = wrapper.cfbundle; includeInIndex = 0; path = CameraAppUITests.xctest; sourceTree = BUILT_PRODUCTS_DIR; };
		3F64202B255BC4FE00C85227 /* CameraAppUITests.swift */ = {isa = PBXFileReference; lastKnownFileType = sourcecode.swift; path = CameraAppUITests.swift; sourceTree = "<group>"; };
		3F64202D255BC4FE00C85227 /* Info.plist */ = {isa = PBXFileReference; lastKnownFileType = text.plist.xml; path = Info.plist; sourceTree = "<group>"; };
/* End PBXFileReference section */

/* Begin PBXFrameworksBuildPhase section */
		3F642003255BC4F700C85227 /* Frameworks */ = {
			isa = PBXFrameworksBuildPhase;
			buildActionMask = 2147483647;
			files = (
			);
			runOnlyForDeploymentPostprocessing = 0;
		};
		3F642019255BC4FE00C85227 /* Frameworks */ = {
			isa = PBXFrameworksBuildPhase;
			buildActionMask = 2147483647;
			files = (
			);
			runOnlyForDeploymentPostprocessing = 0;
		};
		3F642024255BC4FE00C85227 /* Frameworks */ = {
			isa = PBXFrameworksBuildPhase;
			buildActionMask = 2147483647;
			files = (
			);
			runOnlyForDeploymentPostprocessing = 0;
		};
/* End PBXFrameworksBuildPhase section */

/* Begin PBXGroup section */
		3F641FFD255BC4F700C85227 = {
			isa = PBXGroup;
			children = (
				3F642008255BC4F700C85227 /* CameraApp */,
				3F64201F255BC4FE00C85227 /* CameraAppTests */,
				3F64202A255BC4FE00C85227 /* CameraAppUITests */,
				3F642007255BC4F700C85227 /* Products */,
			);
			sourceTree = "<group>";
		};
		3F642007255BC4F700C85227 /* Products */ = {
			isa = PBXGroup;
			children = (
				3F642006255BC4F700C85227 /* CameraApp.app */,
				3F64201C255BC4FE00C85227 /* CameraAppTests.xctest */,
				3F642027255BC4FE00C85227 /* CameraAppUITests.xctest */,
			);
			name = Products;
			sourceTree = "<group>";
		};
		3F642008255BC4F700C85227 /* CameraApp */ = {
			isa = PBXGroup;
			children = (
				3F642009255BC4F700C85227 /* AppDelegate.swift */,
				3F64200B255BC4F700C85227 /* SceneDelegate.swift */,
				3F64200D255BC4F700C85227 /* ViewController.swift */,
				3F64200F255BC4F700C85227 /* Main.storyboard */,
				3F642012255BC4FE00C85227 /* Assets.xcassets */,
				3F642014255BC4FE00C85227 /* LaunchScreen.storyboard */,
				3F642017255BC4FE00C85227 /* Info.plist */,
			);
			path = CameraApp;
			sourceTree = "<group>";
		};
		3F64201F255BC4FE00C85227 /* CameraAppTests */ = {
			isa = PBXGroup;
			children = (
				3F642020255BC4FE00C85227 /* CameraAppTests.swift */,
				3F642022255BC4FE00C85227 /* Info.plist */,
			);
			path = CameraAppTests;
			sourceTree = "<group>";
		};
		3F64202A255BC4FE00C85227 /* CameraAppUITests */ = {
			isa = PBXGroup;
			children = (
				3F64202B255BC4FE00C85227 /* CameraAppUITests.swift */,
				3F64202D255BC4FE00C85227 /* Info.plist */,
			);
			path = CameraAppUITests;
			sourceTree = "<group>";
		};
/* End PBXGroup section */

/* Begin PBXNativeTarget section */
		3F642005255BC4F700C85227 /* CameraApp */ = {
			isa = PBXNativeTarget;
			buildConfigurationList = 3F642030255BC4FE00C85227 /* Build configuration list for PBXNativeTarget "CameraApp" */;
			buildPhases = (
				3F642002255BC4F700C85227 /* Sources */,
				3F642003255BC4F700C85227 /* Frameworks */,
				3F642004255BC4F700C85227 /* Resources */,
			);
			buildRules = (
			);
			dependencies = (
			);
			name = CameraApp;
			productName = CameraApp;
			productReference = 3F642006255BC4F700C85227 /* CameraApp.app */;
			productType = "com.apple.product-type.application";
		};
		3F64201B255BC4FE00C85227 /* CameraAppTests */ = {
			isa = PBXNativeTarget;
			buildConfigurationList = 3F642033255BC4FE00C85227 /* Build configuration list for PBXNativeTarget "CameraAppTests" */;
			buildPhases = (
				3F642018255BC4FE00C85227 /* Sources */,
				3F642019255BC4FE00C85227 /* Frameworks */,
				3F64201A255BC4FE00C85227 /* Resources */,
			);
			buildRules = (
			);
			dependencies = (
				3F64201E255BC4FE00C85227 /* PBXTargetDependency */,
			);
			name = CameraAppTests;
			productName = CameraAppTests;
			productReference = 3F64201C255BC4FE00C85227 /* CameraAppTests.xctest */;
			productType = "com.apple.product-type.bundle.unit-test";
		};
		3F642026255BC4FE00C85227 /* CameraAppUITests */ = {
			isa = PBXNativeTarget;
			buildConfigurationList = 3F642036255BC4FE00C85227 /* Build configuration list for PBXNativeTarget "CameraAppUITests" */;
			buildPhases = (
				3F642023255BC4FE00C85227 /* Sources */,
				3F642024255BC4FE00C85227 /* Frameworks */,
				3F642025255BC4FE00C85227 /* Resources */,
			);
			buildRules = (
			);
			dependencies = (
				3F642029255BC4FE00C85227 /* PBXTargetDependency */,
			);
			name = CameraAppUITests;
			productName = CameraAppUITests;
			productReference = 3F642027255BC4FE00C85227 /* CameraAppUITests.xctest */;
			productType = "com.apple.product-type.bundle.ui-testing";
		};
/* End PBXNativeTarget section */

/* Begin PBXProject section */
		3F641FFE255BC4F700C85227 /* Project object */ = {
			isa = PBXProject;
			attributes = {
				LastSwiftUpdateCheck = 1210;
				LastUpgradeCheck = 1210;
				TargetAttributes = {
					3F642005255BC4F700C85227 = {
						CreatedOnToolsVersion = 12.1;
					};
					3F64201B255BC4FE00C85227 = {
						CreatedOnToolsVersion = 12.1;
						TestTargetID = 3F642005255BC4F700C85227;
					};
					3F642026255BC4FE00C85227 = {
						CreatedOnToolsVersion = 12.1;
						TestTargetID = 3F642005255BC4F700C85227;
					};
				};
			};
			buildConfigurationList = 3F642001255BC4F700C85227 /* Build configuration list for PBXProject "CameraApp" */;
			compatibilityVersion = "Xcode 9.3";
			developmentRegion = en;
			hasScannedForEncodings = 0;
			knownRegions = (
				en,
				Base,
			);
			mainGroup = 3F641FFD255BC4F700C85227;
			productRefGroup = 3F642007255BC4F700C85227 /* Products */;
			projectDirPath = "";
			projectRoot = "";
			targets = (
				3F642005255BC4F700C85227 /* CameraApp */,
				3F64201B255BC4FE00C85227 /* CameraAppTests */,
				3F642026255BC4FE00C85227 /* CameraAppUITests */,
			);
		};
/* End PBXProject section */

/* Begin PBXResourcesBuildPhase section */
		3F642004255BC4F700C85227 /* Resources */ = {
			isa = PBXResourcesBuildPhase;
			buildActionMask = 2147483647;
			files = (
				3F642016255BC4FE00C85227 /* LaunchScreen.storyboard in Resources */,
				3F642013255BC4FE00C85227 /* Assets.xcassets in Resources */,
				3F642011255BC4F700C85227 /* Main.storyboard in Resources */,
			);
			runOnlyForDeploymentPostprocessing = 0;
		};
		3F64201A255BC4FE00C85227 /* Resources */ = {
			isa = PBXResourcesBuildPhase;
			buildActionMask = 2147483647;
			files = (
			);
			runOnlyForDeploymentPostprocessing = 0;
		};
		3F642025255BC4FE00C85227 /* Resources */ = {
			isa = PBXResourcesBuildPhase;
			buildActionMask = 2147483647;
			files = (
			);
			runOnlyForDeploymentPostprocessing = 0;
		};
/* End PBXResourcesBuildPhase section */

/* Begin PBXSourcesBuildPhase section */
		3F642002255BC4F700C85227 /* Sources */ = {
			isa = PBXSourcesBuildPhase;
			buildActionMask = 2147483647;
			files = (
				3F64200E255BC4F700C85227 /* ViewController.swift in Sources */,
				3F64200A255BC4F700C85227 /* AppDelegate.swift in Sources */,
				3F64200C255BC4F700C85227 /* SceneDelegate.swift in Sources */,
			);
			runOnlyForDeploymentPostprocessing = 0;
		};
		3F642018255BC4FE00C85227 /* Sources */ = {
			isa = PBXSourcesBuildPhase;
			buildActionMask = 2147483647;
			files = (
				3F642021255BC4FE00C85227 /* CameraAppTests.swift in Sources */,
			);
			runOnlyForDeploymentPostprocessing = 0;
		};
		3F642023255BC4FE00C85227 /* Sources */ = {
			isa = PBXSourcesBuildPhase;
			buildActionMask = 2147483647;
			files = (
				3F64202C255BC4FE00C85227 /* CameraAppUITests.swift in Sources */,
			);
			runOnlyForDeploymentPostprocessing = 0;
		};
/* End PBXSourcesBuildPhase section */

/* Begin PBXTargetDependency section */
		3F64201E255BC4FE00C85227 /* PBXTargetDependency */ = {
			isa = PBXTargetDependency;
			target = 3F642005255BC4F700C85227 /* CameraApp */;
			targetProxy = 3F64201D255BC4FE00C85227 /* PBXContainerItemProxy */;
		};
		3F642029255BC4FE00C85227 /* PBXTargetDependency */ = {
			isa = PBXTargetDependency;
			target = 3F642005255BC4F700C85227 /* CameraApp */;
			targetProxy = 3F642028255BC4FE00C85227 /* PBXContainerItemProxy */;
		};
/* End PBXTargetDependency section */

/* Begin PBXVariantGroup section */
		3F64200F255BC4F700C85227 /* Main.storyboard */ = {
			isa = PBXVariantGroup;
			children = (
				3F642010255BC4F700C85227 /* Base */,
			);
			name = Main.storyboard;
			sourceTree = "<group>";
		};
		3F642014255BC4FE00C85227 /* LaunchScreen.storyboard */ = {
			isa = PBXVariantGroup;
			children = (
				3F642015255BC4FE00C85227 /* Base */,
			);
			name = LaunchScreen.storyboard;
			sourceTree = "<group>";
		};
/* End PBXVariantGroup section */

/* Begin XCBuildConfiguration section */
		3F64202E255BC4FE00C85227 /* Debug */ = {
			isa = XCBuildConfiguration;
			buildSettings = {
				ALWAYS_SEARCH_USER_PATHS = NO;
				CLANG_ANALYZER_NONNULL = YES;
				CLANG_ANALYZER_NUMBER_OBJECT_CONVERSION = YES_AGGRESSIVE;
				CLANG_CXX_LANGUAGE_STANDARD = "gnu++14";
				CLANG_CXX_LIBRARY = "libc++";
				CLANG_ENABLE_MODULES = YES;
				CLANG_ENABLE_OBJC_ARC = YES;
				CLANG_ENABLE_OBJC_WEAK = YES;
				CLANG_WARN_BLOCK_CAPTURE_AUTORELEASING = YES;
				CLANG_WARN_BOOL_CONVERSION = YES;
				CLANG_WARN_COMMA = YES;
				CLANG_WARN_CONSTANT_CONVERSION = YES;
				CLANG_WARN_DEPRECATED_OBJC_IMPLEMENTATIONS = YES;
				CLANG_WARN_DIRECT_OBJC_ISA_USAGE = YES_ERROR;
				CLANG_WARN_DOCUMENTATION_COMMENTS = YES;
				CLANG_WARN_EMPTY_BODY = YES;
				CLANG_WARN_ENUM_CONVERSION = YES;
				CLANG_WARN_INFINITE_RECURSION = YES;
				CLANG_WARN_INT_CONVERSION = YES;
				CLANG_WARN_NON_LITERAL_NULL_CONVERSION = YES;
				CLANG_WARN_OBJC_IMPLICIT_RETAIN_SELF = YES;
				CLANG_WARN_OBJC_LITERAL_CONVERSION = YES;
				CLANG_WARN_OBJC_ROOT_CLASS = YES_ERROR;
				CLANG_WARN_QUOTED_INCLUDE_IN_FRAMEWORK_HEADER = YES;
				CLANG_WARN_RANGE_LOOP_ANALYSIS = YES;
				CLANG_WARN_STRICT_PROTOTYPES = YES;
				CLANG_WARN_SUSPICIOUS_MOVE = YES;
				CLANG_WARN_UNGUARDED_AVAILABILITY = YES_AGGRESSIVE;
				CLANG_WARN_UNREACHABLE_CODE = YES;
				CLANG_WARN__DUPLICATE_METHOD_MATCH = YES;
				COPY_PHASE_STRIP = NO;
				DEBUG_INFORMATION_FORMAT = dwarf;
				ENABLE_STRICT_OBJC_MSGSEND = YES;
				ENABLE_TESTABILITY = YES;
				GCC_C_LANGUAGE_STANDARD = gnu11;
				GCC_DYNAMIC_NO_PIC = NO;
				GCC_NO_COMMON_BLOCKS = YES;
				GCC_OPTIMIZATION_LEVEL = 0;
				GCC_PREPROCESSOR_DEFINITIONS = (
					"DEBUG=1",
					"$(inherited)",
				);
				GCC_WARN_64_TO_32_BIT_CONVERSION = YES;
				GCC_WARN_ABOUT_RETURN_TYPE = YES_ERROR;
				GCC_WARN_UNDECLARED_SELECTOR = YES;
				GCC_WARN_UNINITIALIZED_AUTOS = YES_AGGRESSIVE;
				GCC_WARN_UNUSED_FUNCTION = YES;
				GCC_WARN_UNUSED_VARIABLE = YES;
				IPHONEOS_DEPLOYMENT_TARGET = 14.1;
				MTL_ENABLE_DEBUG_INFO = INCLUDE_SOURCE;
				MTL_FAST_MATH = YES;
				ONLY_ACTIVE_ARCH = YES;
				SDKROOT = iphoneos;
				SWIFT_ACTIVE_COMPILATION_CONDITIONS = DEBUG;
				SWIFT_OPTIMIZATION_LEVEL = "-Onone";
			};
			name = Debug;
		};
		3F64202F255BC4FE00C85227 /* Release */ = {
			isa = XCBuildConfiguration;
			buildSettings = {
				ALWAYS_SEARCH_USER_PATHS = NO;
				CLANG_ANALYZER_NONNULL = YES;
				CLANG_ANALYZER_NUMBER_OBJECT_CONVERSION = YES_AGGRESSIVE;
				CLANG_CXX_LANGUAGE_STANDARD = "gnu++14";
				CLANG_CXX_LIBRARY = "libc++";
				CLANG_ENABLE_MODULES = YES;
				CLANG_ENABLE_OBJC_ARC = YES;
				CLANG_ENABLE_OBJC_WEAK = YES;
				CLANG_WARN_BLOCK_CAPTURE_AUTORELEASING = YES;
				CLANG_WARN_BOOL_CONVERSION = YES;
				CLANG_WARN_COMMA = YES;
				CLANG_WARN_CONSTANT_CONVERSION = YES;
				CLANG_WARN_DEPRECATED_OBJC_IMPLEMENTATIONS = YES;
				CLANG_WARN_DIRECT_OBJC_ISA_USAGE = YES_ERROR;
				CLANG_WARN_DOCUMENTATION_COMMENTS = YES;
				CLANG_WARN_EMPTY_BODY = YES;
				CLANG_WARN_ENUM_CONVERSION = YES;
				CLANG_WARN_INFINITE_RECURSION = YES;
				CLANG_WARN_INT_CONVERSION = YES;
				CLANG_WARN_NON_LITERAL_NULL_CONVERSION = YES;
				CLANG_WARN_OBJC_IMPLICIT_RETAIN_SELF = YES;
				CLANG_WARN_OBJC_LITERAL_CONVERSION = YES;
				CLANG_WARN_OBJC_ROOT_CLASS = YES_ERROR;
				CLANG_WARN_QUOTED_INCLUDE_IN_FRAMEWORK_HEADER = YES;
				CLANG_WARN_RANGE_LOOP_ANALYSIS = YES;
				CLANG_WARN_STRICT_PROTOTYPES = YES;
				CLANG_WARN_SUSPICIOUS_MOVE = YES;
				CLANG_WARN_UNGUARDED_AVAILABILITY = YES_AGGRESSIVE;
				CLANG_WARN_UNREACHABLE_CODE = YES;
				CLANG_WARN__DUPLICATE_METHOD_MATCH = YES;
				COPY_PHASE_STRIP = NO;
				DEBUG_INFORMATION_FORMAT = "dwarf-with-dsym";
				ENABLE_NS_ASSERTIONS = NO;
				ENABLE_STRICT_OBJC_MSGSEND = YES;
				GCC_C_LANGUAGE_STANDARD = gnu11;
				GCC_NO_COMMON_BLOCKS = YES;
				GCC_WARN_64_TO_32_BIT_CONVERSION = YES;
				GCC_WARN_ABOUT_RETURN_TYPE = YES_ERROR;
				GCC_WARN_UNDECLARED_SELECTOR = YES;
				GCC_WARN_UNINITIALIZED_AUTOS = YES_AGGRESSIVE;
				GCC_WARN_UNUSED_FUNCTION = YES;
				GCC_WARN_UNUSED_VARIABLE = YES;
				IPHONEOS_DEPLOYMENT_TARGET = 14.1;
				MTL_ENABLE_DEBUG_INFO = NO;
				MTL_FAST_MATH = YES;
				SDKROOT = iphoneos;
				SWIFT_COMPILATION_MODE = wholemodule;
				SWIFT_OPTIMIZATION_LEVEL = "-O";
				VALIDATE_PRODUCT = YES;
			};
			name = Release;
		};
		3F642031255BC4FE00C85227 /* Debug */ = {
			isa = XCBuildConfiguration;
			buildSettings = {
				ASSETCATALOG_COMPILER_APPICON_NAME = AppIcon;
				ASSETCATALOG_COMPILER_GLOBAL_ACCENT_COLOR_NAME = AccentColor;
				CODE_SIGN_STYLE = Automatic;
				INFOPLIST_FILE = CameraApp/Info.plist;
				LD_RUNPATH_SEARCH_PATHS = (
					"$(inherited)",
					"@executable_path/Frameworks",
				);
				PRODUCT_BUNDLE_IDENTIFIER = QQQ.CameraApp;
				PRODUCT_NAME = "$(TARGET_NAME)";
				SWIFT_VERSION = 5.0;
				TARGETED_DEVICE_FAMILY = "1,2";
			};
			name = Debug;
		};
		3F642032255BC4FE00C85227 /* Release */ = {
			isa = XCBuildConfiguration;
			buildSettings = {
				ASSETCATALOG_COMPILER_APPICON_NAME = AppIcon;
				ASSETCATALOG_COMPILER_GLOBAL_ACCENT_COLOR_NAME = AccentColor;
				CODE_SIGN_STYLE = Automatic;
				INFOPLIST_FILE = CameraApp/Info.plist;
				LD_RUNPATH_SEARCH_PATHS = (
					"$(inherited)",
					"@executable_path/Frameworks",
				);
				PRODUCT_BUNDLE_IDENTIFIER = QQQ.CameraApp;
				PRODUCT_NAME = "$(TARGET_NAME)";
				SWIFT_VERSION = 5.0;
				TARGETED_DEVICE_FAMILY = "1,2";
			};
			name = Release;
		};
		3F642034255BC4FE00C85227 /* Debug */ = {
			isa = XCBuildConfiguration;
			buildSettings = {
				ALWAYS_EMBED_SWIFT_STANDARD_LIBRARIES = YES;
				BUNDLE_LOADER = "$(TEST_HOST)";
				CODE_SIGN_STYLE = Automatic;
				INFOPLIST_FILE = CameraAppTests/Info.plist;
				IPHONEOS_DEPLOYMENT_TARGET = 14.1;
				LD_RUNPATH_SEARCH_PATHS = (
					"$(inherited)",
					"@executable_path/Frameworks",
					"@loader_path/Frameworks",
				);
				PRODUCT_BUNDLE_IDENTIFIER = QQQ.CameraAppTests;
				PRODUCT_NAME = "$(TARGET_NAME)";
				SWIFT_VERSION = 5.0;
				TARGETED_DEVICE_FAMILY = "1,2";
				TEST_HOST = "$(BUILT_PRODUCTS_DIR)/CameraApp.app/CameraApp";
			};
			name = Debug;
		};
		3F642035255BC4FE00C85227 /* Release */ = {
			isa = XCBuildConfiguration;
			buildSettings = {
				ALWAYS_EMBED_SWIFT_STANDARD_LIBRARIES = YES;
				BUNDLE_LOADER = "$(TEST_HOST)";
				CODE_SIGN_STYLE = Automatic;
				INFOPLIST_FILE = CameraAppTests/Info.plist;
				IPHONEOS_DEPLOYMENT_TARGET = 14.1;
				LD_RUNPATH_SEARCH_PATHS = (
					"$(inherited)",
					"@executable_path/Frameworks",
					"@loader_path/Frameworks",
				);
				PRODUCT_BUNDLE_IDENTIFIER = QQQ.CameraAppTests;
				PRODUCT_NAME = "$(TARGET_NAME)";
				SWIFT_VERSION = 5.0;
				TARGETED_DEVICE_FAMILY = "1,2";
				TEST_HOST = "$(BUILT_PRODUCTS_DIR)/CameraApp.app/CameraApp";
			};
			name = Release;
		};
		3F642037255BC4FE00C85227 /* Debug */ = {
			isa = XCBuildConfiguration;
			buildSettings = {
				ALWAYS_EMBED_SWIFT_STANDARD_LIBRARIES = YES;
				CODE_SIGN_STYLE = Automatic;
				INFOPLIST_FILE = CameraAppUITests/Info.plist;
				LD_RUNPATH_SEARCH_PATHS = (
					"$(inherited)",
					"@executable_path/Frameworks",
					"@loader_path/Frameworks",
				);
				PRODUCT_BUNDLE_IDENTIFIER = QQQ.CameraAppUITests;
				PRODUCT_NAME = "$(TARGET_NAME)";
				SWIFT_VERSION = 5.0;
				TARGETED_DEVICE_FAMILY = "1,2";
				TEST_TARGET_NAME = CameraApp;
			};
			name = Debug;
		};
		3F642038255BC4FE00C85227 /* Release */ = {
			isa = XCBuildConfiguration;
			buildSettings = {
				ALWAYS_EMBED_SWIFT_STANDARD_LIBRARIES = YES;
				CODE_SIGN_STYLE = Automatic;
				INFOPLIST_FILE = CameraAppUITests/Info.plist;
				LD_RUNPATH_SEARCH_PATHS = (
					"$(inherited)",
					"@executable_path/Frameworks",
					"@loader_path/Frameworks",
				);
				PRODUCT_BUNDLE_IDENTIFIER = QQQ.CameraAppUITests;
				PRODUCT_NAME = "$(TARGET_NAME)";
				SWIFT_VERSION = 5.0;
				TARGETED_DEVICE_FAMILY = "1,2";
				TEST_TARGET_NAME = CameraApp;
			};
			name = Release;
		};
/* End XCBuildConfiguration section */

/* Begin XCConfigurationList section */
		3F642001255BC4F700C85227 /* Build configuration list for PBXProject "CameraApp" */ = {
			isa = XCConfigurationList;
			buildConfigurations = (
				3F64202E255BC4FE00C85227 /* Debug */,
				3F64202F255BC4FE00C85227 /* Release */,
			);
			defaultConfigurationIsVisible = 0;
			defaultConfigurationName = Release;
		};
		3F642030255BC4FE00C85227 /* Build configuration list for PBXNativeTarget "CameraApp" */ = {
			isa = XCConfigurationList;
			buildConfigurations = (
				3F642031255BC4FE00C85227 /* Debug */,
				3F642032255BC4FE00C85227 /* Release */,
			);
			defaultConfigurationIsVisible = 0;
			defaultConfigurationName = Release;
		};
		3F642033255BC4FE00C85227 /* Build configuration list for PBXNativeTarget "CameraAppTests" */ = {
			isa = XCConfigurationList;
			buildConfigurations = (
				3F642034255BC4FE00C85227 /* Debug */,
				3F642035255BC4FE00C85227 /* Release */,
			);
			defaultConfigurationIsVisible = 0;
			defaultConfigurationName = Release;
		};
		3F642036255BC4FE00C85227 /* Build configuration list for PBXNativeTarget "CameraAppUITests" */ = {
			isa = XCConfigurationList;
			buildConfigurations = (
				3F642037255BC4FE00C85227 /* Debug */,
				3F642038255BC4FE00C85227 /* Release */,
			);
			defaultConfigurationIsVisible = 0;
			defaultConfigurationName = Release;
		};
/* End XCConfigurationList section */
	};
	rootObject = 3F641FFE255BC4F700C85227 /* Project object */;
}
